
Microsoft Visual Studio Solution File, Format Version 12.00
# Visual Studio Version 17
VisualStudioVersion = 17.9.34622.214
MinimumVisualStudioVersion = 10.0.40219.1
Project("{FAE04EC0-301F-11D3-BF4B-00C04F79EFBC}") = "HomeWorth.Server", "HomeWorth.Server.csproj", "{33AE0CE6-B30D-4ED3-9B91-C4A1547BB2B4}"
EndProject
Global
	GlobalSection(SolutionConfigurationPlatforms) = preSolution
		Debug|Any CPU = Debug|Any CPU
		Release|Any CPU = Release|Any CPU
	EndGlobalSection
	GlobalSection(ProjectConfigurationPlatforms) = postSolution
		{33AE0CE6-B30D-4ED3-9B91-C4A1547BB2B4}.Debug|Any CPU.ActiveCfg = Debug|Any CPU
		{33AE0CE6-B30D-4ED3-9B91-C4A1547BB2B4}.Debug|Any CPU.Build.0 = Debug|Any CPU
		{33AE0CE6-B30D-4ED3-9B91-C4A1547BB2B4}.Release|Any CPU.ActiveCfg = Release|Any CPU
		{33AE0CE6-B30D-4ED3-9B91-C4A1547BB2B4}.Release|Any CPU.Build.0 = Release|Any CPU
	EndGlobalSection
	GlobalSection(SolutionProperties) = preSolution
		HideSolutionNode = FALSE
	EndGlobalSection
	GlobalSection(ExtensibilityGlobals) = postSolution
		SolutionGuid = {C73FD13D-3DA6-4B5F-AAF0-2540FDC1F19E}
	EndGlobalSection
EndGlobal
